{
    "_meta": {
        "hash": {
            "sha256": "006589a9ed56900b4705f728ca43d091702fcd2d6ee33246a47096a605e44b5a"
        },
        "pipfile-spec": 6,
        "requires": {
            "python_version": "3.7"
        },
        "sources": [
            {
                "name": "piwheels",
                "url": "https://www.piwheels.org/simple",
                "verify_ssl": true
            }
        ]
    },
    "default": {
        "astropy": {
            "hashes": [
                "sha256:42b6292e8707853c5f8713cc065b292f5fb2cb973429b7db31019cbef12e8b2c"
            ],
            "index": "piwheels",
            "version": "==4.0.1.post1"
        },
        "brotli": {
            "hashes": [
                "sha256:04680911fd1b20c2601da8e40cb7da3e9e9d452cf222e90837403ce3d0e8d843"
            ],
            "version": "==1.0.7"
        },
        "click": {
            "hashes": [
                "sha256:a3747c864f8e400a3664f5f4fd6dae11b4605bf6b727dae7b6f22ba9bd0a194a"
            ],
            "version": "==7.1.2"
        },
        "fasteners": {
            "hashes": [
                "sha256:007e4d2b2d4a10093f67e932e5166722d2eab83b77724156e92ad013c6226574"
            ],
            "index": "piwheels",
            "version": "==0.15"
        },
        "flask": {
            "hashes": [
                "sha256:8a4fdd8936eba2512e9c85df320a37e694c93945b33ef33c89946a340a238557"
            ],
            "index": "piwheels",
            "version": "==1.1.2"
        },
        "flask-compress": {
            "hashes": [
                "sha256:3eef6cd8ec282c7443f4fda13eca62bb021837041c1666c2c8186d652fc7ee05"
            ],
            "index": "piwheels",
            "version": "==1.5.0"
        },
        "ifaddr": {
            "hashes": [
                "sha256:d1f603952f0a71c9ab4e705754511e4e03b02565bc4cec7188ad6415ff534cd3"
            ],
            "version": "==0.1.7"
        },
        "itsdangerous": {
            "hashes": [
                "sha256:b12271b2047cb23eeb98c8b5622e2e5c5e9abd9784a153e9d8ef9cb4dd09d749"
            ],
            "version": "==1.1.0"
        },
        "jinja2": {
            "hashes": [
                "sha256:3f172970d5670703bd3812e8ca6459a9a7e069fa8e51b40195f83c81db191ec4"
            ],
            "version": "==2.11.2"
        },
        "markupsafe": {
            "hashes": [
                "sha256:19536834abffb3fa155017053c607cb835b2ecc6a3a2554a88043d991dffb736",
                "sha256:3d61f15e39611aacd91b7e71d903787da86d9e80896e683c0103fced9add7834",
                "sha256:7952deddf24b85c88dab48f6ec366ac6e39d2761b5280f2f9594911e03fcd064"
            ],
            "version": "==1.1.1"
        },
        "monotonic": {
            "hashes": [
                "sha256:552a91f381532e33cbd07c6a2655a21908088962bb8fa7239ecbcc6ad1140cc7"
            ],
            "version": "==1.5"
        },
        "netifaces": {
            "hashes": [
                "sha256:2ee3fd1a4626c1f78c06bd13262b5a749e99669bd81f0d675efb0fd08af54983",
                "sha256:3c6db84ceb260e8d37f0973390f82390daf7860a451d5e6f3698baabe2635e99",
                "sha256:493a1688f0a4fd669225bd78f9f67ace5f7d3759aa661fce3df64aac587d3817"
            ],
            "index": "piwheels",
            "version": "==0.10.9"
        },
        "numpy": {
            "hashes": [
                "sha256:4a5a91152ef32d09a368abd4039717708cba2ec8f8fb41fb3f6703932328ed73"
            ],
            "index": "piwheels",
            "version": "==1.19.0"
        },
        "pendulum": {
            "hashes": [
                "sha256:525716cbdad0ffd407ee9d9c19f917c905f26b3d0951ee01f739ce1982cdae45",
                "sha256:b062a27d448792020752c69561cd7bab70fcdf5b0b41e8c0da08b21bc5aeb973"
            ],
            "index": "piwheels",
            "version": "==2.1.0"
        },
        "pynmea2": {
            "hashes": [
                "sha256:fe786594299588d1bfbd346ece2c2c1e5b24e160dcb740813c34bfa70d0a141d"
            ],
            "index": "piwheels",
            "version": "==1.15.0"
        },
        "pyserial": {
            "hashes": [
                "sha256:e0770fadba80c31013896c7e6ef703f72e7834965954a78e71a3049488d4d7d8"
            ],
            "index": "piwheels",
            "version": "==3.4"
        },
        "python-dateutil": {
            "hashes": [
                "sha256:75bb3f31ea686f1197762692a9ee6a7550b59fc6ca3a1f4b5d7e32fb98e2da2a"
            ],
            "version": "==2.8.1"
        },
        "pytzdata": {
            "hashes": [
                "sha256:84c52b9a47d097fcd483f047a544979de6c3a86e94c845e3569e9f8acd0fa071"
            ],
            "version": "==2019.3"
        },
        "scipy": {
            "hashes": [
                "sha256:a03df78474a6fefd3322b9fe44fe1e38b26cb2737c2bba0f96233cc02dde04a9"
            ],
            "index": "piwheels",
            "version": "==1.5.1"
        },
        "six": {
            "hashes": [
                "sha256:8b74bedcbbbaca38ff6d7491d76f2b06b3592611af620f8426e82dddb04a5ced"
            ],
            "version": "==1.15.0"
        },
        "timezonefinder": {
            "hashes": [
                "sha256:5562f8f0af61733a2b19a0d16643b135c24c594905b1094a3d42ef0ac6cee947"
            ],
            "index": "piwheels",
            "version": "==4.2.0"
        },
        "werkzeug": {
            "hashes": [
                "sha256:2de2a5db0baeae7b2d2664949077c2ac63fbd16d98da0ff71837f7d1dea3fd43"
            ],
            "version": "==1.0.1"
        },
        "zeroconf": {
            "hashes": [
                "sha256:fd1011bfc0eb5e1882aa64f0f39dea848c5cba40f4e5d8c1a256041e19231259"
            ],
            "index": "piwheels",
            "version": "==0.28.0"
        }
    },
    "develop": {}
}
